
Microsoft Visual Studio Solution File, Format Version 12.00
# Visual Studio Version 17
VisualStudioVersion = 17.3.32901.215
MinimumVisualStudioVersion = 10.0.40219.1
Project("{9A19103F-16F7-4668-BE54-9A1E7A4F7556}") = "CarAutomation", "CarAutomation.csproj", "{7FFCC425-FDC7-400C-B551-ED43C58911F0}"
EndProject
Project("{9A19103F-16F7-4668-BE54-9A1E7A4F7556}") = "SolidPrinciples.Lib", "libs\SolidPrinciples\SolidPrinciples.Lib.csproj", "{3CEFD57F-FAD2-406F-8A53-4AC415895D4B}"
EndProject
Global
	GlobalSection(SolutionConfigurationPlatforms) = preSolution
		Debug|Any CPU = Debug|Any CPU
		Release|Any CPU = Release|Any CPU
	EndGlobalSection
	GlobalSection(ProjectConfigurationPlatforms) = postSolution
		{7FFCC425-FDC7-400C-B551-ED43C58911F0}.Debug|Any CPU.ActiveCfg = Debug|Any CPU
		{7FFCC425-FDC7-400C-B551-ED43C58911F0}.Debug|Any CPU.Build.0 = Debug|Any CPU
		{7FFCC425-FDC7-400C-B551-ED43C58911F0}.Release|Any CPU.ActiveCfg = Release|Any CPU
		{7FFCC425-FDC7-400C-B551-ED43C58911F0}.Release|Any CPU.Build.0 = Release|Any CPU
		{3CEFD57F-FAD2-406F-8A53-4AC415895D4B}.Debug|Any CPU.ActiveCfg = Debug|Any CPU
		{3CEFD57F-FAD2-406F-8A53-4AC415895D4B}.Debug|Any CPU.Build.0 = Debug|Any CPU
		{3CEFD57F-FAD2-406F-8A53-4AC415895D4B}.Release|Any CPU.ActiveCfg = Release|Any CPU
		{3CEFD57F-FAD2-406F-8A53-4AC415895D4B}.Release|Any CPU.Build.0 = Release|Any CPU
	EndGlobalSection
	GlobalSection(SolutionProperties) = preSolution
		HideSolutionNode = FALSE
	EndGlobalSection
	GlobalSection(ExtensibilityGlobals) = postSolution
		SolutionGuid = {2030CA65-73E9-4638-B252-6F27B8165E74}
	EndGlobalSection
EndGlobal
